{
  "lockfile_version": "1",
  "packages": {
    "awscli2@latest": {
      "last_modified": "2025-05-19T23:16:24Z",
      "resolved": "github:NixOS/nixpkgs/359c442b7d1f6229c1dc978116d32d6c07fe8440#awscli2",
      "source": "devbox-search",
      "version": "2.27.2",
      "systems": {
        "aarch64-darwin": {
          "outputs": [
            {
              "name": "out",
              "path": "/nix/store/b5fa0fplfpiyx8zwc9y7d08a57lsk229-awscli2-2.27.2",
              "default": true
            },
            {
              "name": "dist",
              "path": "/nix/store/sc270lyggbhz78lcxh9khqmggayqpp6i-awscli2-2.27.2-dist"
            }
          ],
          "store_path": "/nix/store/b5fa0fplfpiyx8zwc9y7d08a57lsk229-awscli2-2.27.2"
        },
        "aarch64-linux": {
          "outputs": [
            {
              "name": "out",
              "path": "/nix/store/161s22pbddllc4mabgr5rvrpmhiffsp4-awscli2-2.27.2",
              "default": true
            },
            {
              "name": "dist",
              "path": "/nix/store/ss8xqzwn1l8qdbwlml439bx1ik13vxlk-awscli2-2.27.2-dist"
            }
          ],
          "store_path": "/nix/store/161s22pbddllc4mabgr5rvrpmhiffsp4-awscli2-2.27.2"
        },
        "x86_64-darwin": {
          "outputs": [
            {
              "name": "out",
              "path": "/nix/store/l18j8wgidf145m0zw6ydg8blim44hrkq-awscli2-2.27.2",
              "default": true
            },
            {
              "name": "dist",
              "path": "/nix/store/q9rzj2ikpl9vn4sns3ydsy7i8sachnha-awscli2-2.27.2-dist"
            }
          ],
          "store_path": "/nix/store/l18j8wgidf145m0zw6ydg8blim44hrkq-awscli2-2.27.2"
        },
        "x86_64-linux": {
          "outputs": [
            {
              "name": "out",
              "path": "/nix/store/gx3hx0b3lbm11sishxl4k7a7ha4w405q-awscli2-2.27.2",
              "default": true
            },
            {
              "name": "dist",
              "path": "/nix/store/r5cw3141myaf5lnzra9c0nc8prb2zv6y-awscli2-2.27.2-dist"
            }
          ],
          "store_path": "/nix/store/gx3hx0b3lbm11sishxl4k7a7ha4w405q-awscli2-2.27.2"
        }
      }
    },
    "direnv@latest": {
      "last_modified": "2025-06-14T03:28:56Z",
      "resolved": "github:NixOS/nixpkgs/6afe187897bef7933475e6af374c893f4c84a293#direnv",
      "source": "devbox-search",
      "version": "2.36.0",
      "systems": {
        "aarch64-darwin": {
          "outputs": [
            {
              "name": "out",
              "path": "/nix/store/g8hmdwd25ddyrbni7whd255cq7i6kk48-direnv-2.36.0",
              "default": true
            }
          ],
          "store_path": "/nix/store/g8hmdwd25ddyrbni7whd255cq7i6kk48-direnv-2.36.0"
        },
        "aarch64-linux": {
          "outputs": [
            {
              "name": "out",
              "path": "/nix/store/548v5r1bzgvx401rrsgapsg6j5z43d38-direnv-2.36.0",
              "default": true
            }
          ],
          "store_path": "/nix/store/548v5r1bzgvx401rrsgapsg6j5z43d38-direnv-2.36.0"
        },
        "x86_64-darwin": {
          "outputs": [
            {
              "name": "out",
              "path": "/nix/store/b4cqfb1gncazgs7qcj740fs5zfbwijha-direnv-2.36.0",
              "default": true
            }
          ],
          "store_path": "/nix/store/b4cqfb1gncazgs7qcj740fs5zfbwijha-direnv-2.36.0"
        },
        "x86_64-linux": {
          "outputs": [
            {
              "name": "out",
              "path": "/nix/store/946sy3j9a77gybzc8anbacns4g0r6ppa-direnv-2.36.0",
              "default": true
            }
          ],
          "store_path": "/nix/store/946sy3j9a77gybzc8anbacns4g0r6ppa-direnv-2.36.0"
        }
      }
    },
    "github:NixOS/nixpkgs/nixpkgs-unstable": {
      "last_modified": "2025-06-20T02:24:11Z",
      "resolved": "github:NixOS/nixpkgs/076e8c6678d8c54204abcb4b1b14c366835a58bb?lastModified=1750386251&narHash=sha256-1ovgdmuDYVo5OUC5NzdF%2BV4zx2uT8RtsgZahxidBTyw%3D"
    },
    "python313Packages.cfn-lint@latest": {
      "last_modified": "2025-06-20T02:24:11Z",
      "resolved": "github:NixOS/nixpkgs/076e8c6678d8c54204abcb4b1b14c366835a58bb#python313Packages.cfn-lint",
      "source": "devbox-search",
      "version": "1.32.1",
      "systems": {
        "aarch64-darwin": {
          "outputs": [
            {
              "name": "out",
              "path": "/nix/store/ncn56fljfyxkc82c6swhcvpllw05zjg6-python3.13-cfn-lint-1.32.1",
              "default": true
            },
            {
              "name": "dist",
              "path": "/nix/store/63687wv3knybkdb3db4m8h9q2axqxywn-python3.13-cfn-lint-1.32.1-dist"
            }
          ],
          "store_path": "/nix/store/ncn56fljfyxkc82c6swhcvpllw05zjg6-python3.13-cfn-lint-1.32.1"
        },
        "aarch64-linux": {
          "outputs": [
            {
              "name": "out",
              "path": "/nix/store/nqcgndrvl45is2hx9inv8gldqk0nvvl5-python3.13-cfn-lint-1.32.1",
              "default": true
            },
            {
              "name": "dist",
              "path": "/nix/store/8nz5d702kf5v46yb3kfijkfr3zaz0za9-python3.13-cfn-lint-1.32.1-dist"
            }
          ],
          "store_path": "/nix/store/nqcgndrvl45is2hx9inv8gldqk0nvvl5-python3.13-cfn-lint-1.32.1"
        },
        "x86_64-darwin": {
          "outputs": [
            {
              "name": "out",
              "path": "/nix/store/br54i0q16g8w3m9i9asjwpsn41jv1cbm-python3.13-cfn-lint-1.32.1",
              "default": true
            },
            {
              "name": "dist",
              "path": "/nix/store/kxwzajacma8m2wxl6b5glzz46i9hai9y-python3.13-cfn-lint-1.32.1-dist"
            }
          ],
          "store_path": "/nix/store/br54i0q16g8w3m9i9asjwpsn41jv1cbm-python3.13-cfn-lint-1.32.1"
        },
        "x86_64-linux": {
          "outputs": [
            {
              "name": "out",
              "path": "/nix/store/2wzz28ri747a8lspm2dgjhfasls543yr-python3.13-cfn-lint-1.32.1",
              "default": true
            },
            {
              "name": "dist",
              "path": "/nix/store/fvm05cmvh87p7axgbpgdpwzmv5dwibpj-python3.13-cfn-lint-1.32.1-dist"
            }
          ],
          "store_path": "/nix/store/2wzz28ri747a8lspm2dgjhfasls543yr-python3.13-cfn-lint-1.32.1"
        }
      }
    }
  }
}
