{
  "lockfile_version": "1",
  "packages": {
    "awscli2@latest": {
      "last_modified": "2025-05-19T23:16:24Z",
      "resolved": "github:NixOS/nixpkgs/359c442b7d1f6229c1dc978116d32d6c07fe8440#awscli2",
      "source": "devbox-search",
      "version": "2.27.2",
      "systems": {
        "aarch64-darwin": {
          "outputs": [
            {
              "name": "out",
              "path": "/nix/store/b5fa0fplfpiyx8zwc9y7d08a57lsk229-awscli2-2.27.2",
              "default": true
            },
            {
              "name": "dist",
              "path": "/nix/store/sc270lyggbhz78lcxh9khqmggayqpp6i-awscli2-2.27.2-dist"
            }
          ],
          "store_path": "/nix/store/b5fa0fplfpiyx8zwc9y7d08a57lsk229-awscli2-2.27.2"
        },
        "aarch64-linux": {
          "outputs": [
            {
              "name": "out",
              "path": "/nix/store/161s22pbddllc4mabgr5rvrpmhiffsp4-awscli2-2.27.2",
              "default": true
            },
            {
              "name": "dist",
              "path": "/nix/store/ss8xqzwn1l8qdbwlml439bx1ik13vxlk-awscli2-2.27.2-dist"
            }
          ],
          "store_path": "/nix/store/161s22pbddllc4mabgr5rvrpmhiffsp4-awscli2-2.27.2"
        },
        "x86_64-darwin": {
          "outputs": [
            {
              "name": "out",
              "path": "/nix/store/l18j8wgidf145m0zw6ydg8blim44hrkq-awscli2-2.27.2",
              "default": true
            },
            {
              "name": "dist",
              "path": "/nix/store/q9rzj2ikpl9vn4sns3ydsy7i8sachnha-awscli2-2.27.2-dist"
            }
          ],
          "store_path": "/nix/store/l18j8wgidf145m0zw6ydg8blim44hrkq-awscli2-2.27.2"
        },
        "x86_64-linux": {
          "outputs": [
            {
              "name": "out",
              "path": "/nix/store/gx3hx0b3lbm11sishxl4k7a7ha4w405q-awscli2-2.27.2",
              "default": true
            },
            {
              "name": "dist",
              "path": "/nix/store/r5cw3141myaf5lnzra9c0nc8prb2zv6y-awscli2-2.27.2-dist"
            }
          ],
          "store_path": "/nix/store/gx3hx0b3lbm11sishxl4k7a7ha4w405q-awscli2-2.27.2"
        }
      }
    },
    "direnv@latest": {
      "last_modified": "2025-06-14T03:28:56Z",
      "resolved": "github:NixOS/nixpkgs/6afe187897bef7933475e6af374c893f4c84a293#direnv",
      "source": "devbox-search",
      "version": "2.36.0",
      "systems": {
        "aarch64-darwin": {
          "outputs": [
            {
              "name": "out",
              "path": "/nix/store/g8hmdwd25ddyrbni7whd255cq7i6kk48-direnv-2.36.0",
              "default": true
            }
          ],
          "store_path": "/nix/store/g8hmdwd25ddyrbni7whd255cq7i6kk48-direnv-2.36.0"
        },
        "aarch64-linux": {
          "outputs": [
            {
              "name": "out",
              "path": "/nix/store/548v5r1bzgvx401rrsgapsg6j5z43d38-direnv-2.36.0",
              "default": true
            }
          ],
          "store_path": "/nix/store/548v5r1bzgvx401rrsgapsg6j5z43d38-direnv-2.36.0"
        },
        "x86_64-darwin": {
          "outputs": [
            {
              "name": "out",
              "path": "/nix/store/b4cqfb1gncazgs7qcj740fs5zfbwijha-direnv-2.36.0",
              "default": true
            }
          ],
          "store_path": "/nix/store/b4cqfb1gncazgs7qcj740fs5zfbwijha-direnv-2.36.0"
        },
        "x86_64-linux": {
          "outputs": [
            {
              "name": "out",
              "path": "/nix/store/946sy3j9a77gybzc8anbacns4g0r6ppa-direnv-2.36.0",
              "default": true
            }
          ],
          "store_path": "/nix/store/946sy3j9a77gybzc8anbacns4g0r6ppa-direnv-2.36.0"
        }
      }
    },
    "github:NixOS/nixpkgs/nixpkgs-unstable": {
      "last_modified": "2025-06-20T02:24:11Z",
      "resolved": "github:NixOS/nixpkgs/076e8c6678d8c54204abcb4b1b14c366835a58bb?lastModified=1750386251&narHash=sha256-1ovgdmuDYVo5OUC5NzdF%2BV4zx2uT8RtsgZahxidBTyw%3D"
    },
    "jq@latest": {
      "last_modified": "2025-08-12T09:17:37Z",
      "resolved": "github:NixOS/nixpkgs/372d9eeeafa5b15913201e2b92e8e539ac7c64d1#jq",
      "source": "devbox-search",
      "version": "1.8.1",
      "systems": {
        "aarch64-darwin": {
          "outputs": [
            {
              "name": "bin",
              "path": "/nix/store/bk70k4fzjkki438jhl73ry55amwhvzkd-jq-1.8.1-bin",
              "default": true
            },
            {
              "name": "man",
              "path": "/nix/store/vn6dfky85mpw670m4c2zi61cvjcx1asj-jq-1.8.1-man",
              "default": true
            },
            {
              "name": "dev",
              "path": "/nix/store/4jjfl7vg6y26npsx078850sr5lghx8mi-jq-1.8.1-dev"
            },
            {
              "name": "doc",
              "path": "/nix/store/j8nb6pqjccz7j4nn4mqmx92yvgl31ajl-jq-1.8.1-doc"
            },
            {
              "name": "out",
              "path": "/nix/store/z7npa6zipbnn7akq0dzpvp6ldc53qvbl-jq-1.8.1"
            }
          ],
          "store_path": "/nix/store/bk70k4fzjkki438jhl73ry55amwhvzkd-jq-1.8.1-bin"
        },
        "aarch64-linux": {
          "outputs": [
            {
              "name": "bin",
              "path": "/nix/store/k881xdkfjqnyaclrq5n1lfxjnv1z70ds-jq-1.8.1-bin",
              "default": true
            },
            {
              "name": "man",
              "path": "/nix/store/51fwmry2hkrsdnzb9nngwhffm0rnha72-jq-1.8.1-man",
              "default": true
            },
            {
              "name": "dev",
              "path": "/nix/store/zbw60md1qi8bif7k5qmh9l4an8hx924g-jq-1.8.1-dev"
            },
            {
              "name": "doc",
              "path": "/nix/store/k19ngx2hsicd6qvl5lxx878ag9443pwq-jq-1.8.1-doc"
            },
            {
              "name": "out",
              "path": "/nix/store/5sq5gjdf3v9pc4b78mfx1v9vkzx65dhk-jq-1.8.1"
            }
          ],
          "store_path": "/nix/store/k881xdkfjqnyaclrq5n1lfxjnv1z70ds-jq-1.8.1-bin"
        },
        "x86_64-darwin": {
          "outputs": [
            {
              "name": "bin",
              "path": "/nix/store/n9hbqknz3fxayw3c4y2l7yipa7n975ic-jq-1.8.1-bin",
              "default": true
            },
            {
              "name": "man",
              "path": "/nix/store/46h6qyk0f9436w8pcvgx7h59j0ic41iv-jq-1.8.1-man",
              "default": true
            },
            {
              "name": "doc",
              "path": "/nix/store/ac3lal7kk1vbri37b2v5c1r8dq8356qs-jq-1.8.1-doc"
            },
            {
              "name": "out",
              "path": "/nix/store/n94wp81gr2ifwzy6fzc8andk4h2cmnia-jq-1.8.1"
            },
            {
              "name": "dev",
              "path": "/nix/store/frdhk9q6bvdpx6pjspxvp56wqmj5xrwr-jq-1.8.1-dev"
            }
          ],
          "store_path": "/nix/store/n9hbqknz3fxayw3c4y2l7yipa7n975ic-jq-1.8.1-bin"
        },
        "x86_64-linux": {
          "outputs": [
            {
              "name": "bin",
              "path": "/nix/store/kwxm52f2g9ap890pfj2j4ryzq2gj2i69-jq-1.8.1-bin",
              "default": true
            },
            {
              "name": "man",
              "path": "/nix/store/pdh9j4z29n3m1xahvssji96cfgk21a43-jq-1.8.1-man",
              "default": true
            },
            {
              "name": "out",
              "path": "/nix/store/mmi8dxjdsv8r9jxnyd3dqwqakxda1796-jq-1.8.1"
            },
            {
              "name": "dev",
              "path": "/nix/store/h0xayyfsl9f17bss0x1xhhz7c3n5fq43-jq-1.8.1-dev"
            },
            {
              "name": "doc",
              "path": "/nix/store/j9idg8al8k1fs1v3sm6axc9zsd8zj5vn-jq-1.8.1-doc"
            }
          ],
          "store_path": "/nix/store/kwxm52f2g9ap890pfj2j4ryzq2gj2i69-jq-1.8.1-bin"
        }
      }
    },
    "mysql-client@latest": {
      "last_modified": "2023-02-24T09:01:09Z",
      "resolved": "github:NixOS/nixpkgs/7d0ed7f2e5aea07ab22ccb338d27fbe347ed2f11#mysql-client",
      "source": "devbox-search",
      "version": "10.6.12"
    },
    "nodePackages.aws-cdk@latest": {
      "last_modified": "2025-07-13T22:45:35Z",
      "resolved": "github:NixOS/nixpkgs/a421ac6595024edcfbb1ef950a3712b89161c359#nodePackages.aws-cdk",
      "source": "devbox-search",
      "version": "2.1004.0",
      "systems": {
        "aarch64-darwin": {
          "outputs": [
            {
              "name": "out",
              "path": "/nix/store/2l8937qyjcmxkzpywvzqn90cmrqrj1rr-aws-cdk-2.1004.0",
              "default": true
            }
          ],
          "store_path": "/nix/store/2l8937qyjcmxkzpywvzqn90cmrqrj1rr-aws-cdk-2.1004.0"
        },
        "aarch64-linux": {
          "outputs": [
            {
              "name": "out",
              "path": "/nix/store/d2yh3v0immk1dy2sha6y5haq02navm9z-aws-cdk-2.1004.0",
              "default": true
            }
          ],
          "store_path": "/nix/store/d2yh3v0immk1dy2sha6y5haq02navm9z-aws-cdk-2.1004.0"
        },
        "x86_64-darwin": {
          "outputs": [
            {
              "name": "out",
              "path": "/nix/store/3gfmk6fpwsxpragwbdlvm9brg3wnlsib-aws-cdk-2.1004.0",
              "default": true
            }
          ],
          "store_path": "/nix/store/3gfmk6fpwsxpragwbdlvm9brg3wnlsib-aws-cdk-2.1004.0"
        },
        "x86_64-linux": {
          "outputs": [
            {
              "name": "out",
              "path": "/nix/store/9zz1z07b2r7ssyj48797pqx262kxgrl1-aws-cdk-2.1004.0",
              "default": true
            }
          ],
          "store_path": "/nix/store/9zz1z07b2r7ssyj48797pqx262kxgrl1-aws-cdk-2.1004.0"
        }
      }
    },
    "nodejs@latest": {
      "last_modified": "2025-07-24T23:24:55Z",
      "plugin_version": "0.0.2",
      "resolved": "github:NixOS/nixpkgs/0d00f23f023b7215b3f1035adb5247c8ec180dbc#nodejs_24",
      "source": "devbox-search",
      "version": "24.4.1",
      "systems": {
        "aarch64-darwin": {
          "outputs": [
            {
              "name": "out",
              "path": "/nix/store/1c4jixl4s8kyc9ypy6fbwrbwwvaxldi8-nodejs-24.4.1",
              "default": true
            },
            {
              "name": "dev",
              "path": "/nix/store/liix5qs67nyqidmi00zazw12ksc0pxxq-nodejs-24.4.1-dev"
            },
            {
              "name": "libv8",
              "path": "/nix/store/fm4q7qypbnb8iyf9qm7i07vzybhp6b53-nodejs-24.4.1-libv8"
            }
          ],
          "store_path": "/nix/store/1c4jixl4s8kyc9ypy6fbwrbwwvaxldi8-nodejs-24.4.1"
        },
        "aarch64-linux": {
          "outputs": [
            {
              "name": "out",
              "path": "/nix/store/k24g5rcnx42s4lwmgr9fh898xsc45668-nodejs-24.4.1",
              "default": true
            },
            {
              "name": "dev",
              "path": "/nix/store/jiz68w6405makvg4iibnhx5hhq95hbpg-nodejs-24.4.1-dev"
            },
            {
              "name": "libv8",
              "path": "/nix/store/yz7jfa49dq3y5hk7w4fzgxbbxn5r4c7b-nodejs-24.4.1-libv8"
            }
          ],
          "store_path": "/nix/store/k24g5rcnx42s4lwmgr9fh898xsc45668-nodejs-24.4.1"
        },
        "x86_64-darwin": {
          "outputs": [
            {
              "name": "out",
              "path": "/nix/store/wccpr20l2n1fmnyard3y33kkzi9iadb3-nodejs-24.4.1",
              "default": true
            },
            {
              "name": "dev",
              "path": "/nix/store/cpw2f6acji9nl40wsdcxy7vqb1895i4p-nodejs-24.4.1-dev"
            },
            {
              "name": "libv8",
              "path": "/nix/store/b8q5m7qggq3dydfksmxnrqyx70qrf44w-nodejs-24.4.1-libv8"
            }
          ],
          "store_path": "/nix/store/wccpr20l2n1fmnyard3y33kkzi9iadb3-nodejs-24.4.1"
        },
        "x86_64-linux": {
          "outputs": [
            {
              "name": "out",
              "path": "/nix/store/2bg4yn1ccasnw6cscqhgqwzfw8j2xq1m-nodejs-24.4.1",
              "default": true
            },
            {
              "name": "libv8",
              "path": "/nix/store/rla4nj6lpf3dz3fxqbgqzvlm3bwd0545-nodejs-24.4.1-libv8"
            },
            {
              "name": "dev",
              "path": "/nix/store/7865hgg0qmbyambm53765ddy96qsg1vs-nodejs-24.4.1-dev"
            }
          ],
          "store_path": "/nix/store/2bg4yn1ccasnw6cscqhgqwzfw8j2xq1m-nodejs-24.4.1"
        }
      }
    },
    "python313Packages.cfn-lint@latest": {
      "last_modified": "2025-06-20T02:24:11Z",
      "resolved": "github:NixOS/nixpkgs/076e8c6678d8c54204abcb4b1b14c366835a58bb#python313Packages.cfn-lint",
      "source": "devbox-search",
      "version": "1.32.1",
      "systems": {
        "aarch64-darwin": {
          "outputs": [
            {
              "name": "out",
              "path": "/nix/store/ncn56fljfyxkc82c6swhcvpllw05zjg6-python3.13-cfn-lint-1.32.1",
              "default": true
            },
            {
              "name": "dist",
              "path": "/nix/store/63687wv3knybkdb3db4m8h9q2axqxywn-python3.13-cfn-lint-1.32.1-dist"
            }
          ],
          "store_path": "/nix/store/ncn56fljfyxkc82c6swhcvpllw05zjg6-python3.13-cfn-lint-1.32.1"
        },
        "aarch64-linux": {
          "outputs": [
            {
              "name": "out",
              "path": "/nix/store/nqcgndrvl45is2hx9inv8gldqk0nvvl5-python3.13-cfn-lint-1.32.1",
              "default": true
            },
            {
              "name": "dist",
              "path": "/nix/store/8nz5d702kf5v46yb3kfijkfr3zaz0za9-python3.13-cfn-lint-1.32.1-dist"
            }
          ],
          "store_path": "/nix/store/nqcgndrvl45is2hx9inv8gldqk0nvvl5-python3.13-cfn-lint-1.32.1"
        },
        "x86_64-darwin": {
          "outputs": [
            {
              "name": "out",
              "path": "/nix/store/br54i0q16g8w3m9i9asjwpsn41jv1cbm-python3.13-cfn-lint-1.32.1",
              "default": true
            },
            {
              "name": "dist",
              "path": "/nix/store/kxwzajacma8m2wxl6b5glzz46i9hai9y-python3.13-cfn-lint-1.32.1-dist"
            }
          ],
          "store_path": "/nix/store/br54i0q16g8w3m9i9asjwpsn41jv1cbm-python3.13-cfn-lint-1.32.1"
        },
        "x86_64-linux": {
          "outputs": [
            {
              "name": "out",
              "path": "/nix/store/2wzz28ri747a8lspm2dgjhfasls543yr-python3.13-cfn-lint-1.32.1",
              "default": true
            },
            {
              "name": "dist",
              "path": "/nix/store/fvm05cmvh87p7axgbpgdpwzmv5dwibpj-python3.13-cfn-lint-1.32.1-dist"
            }
          ],
          "store_path": "/nix/store/2wzz28ri747a8lspm2dgjhfasls543yr-python3.13-cfn-lint-1.32.1"
        }
      }
    }
  }
}
